{
  "name": "devops-angular-dotnet-keycloak",
  "lockfileVersion": 3,
  "requires": true,
  "packages": {
    "": {
      "dependencies": {
        "keycloak-js": "^26.2.2"
      }
    },
    "node_modules/keycloak-js": {
      "version": "26.2.2",
      "resolved": "https://registry.npmjs.org/keycloak-js/-/keycloak-js-26.2.2.tgz",
      "integrity": "sha512-ug7pNZ1xNkd7PPkerOJCEU2VnUhS7CYStDOCFJgqCNQ64h53ppxaKrh4iXH0xM8hFu5b1W6e6lsyYWqBMvaQFg==",
      "license": "Apache-2.0",
      "workspaces": [
        "test"
      ]
    }
  }
}
